
Microsoft Visual Studio Solution File, Format Version 12.00
# Visual Studio 15
Project("{FAE04EC0-301F-11D3-BF4B-00C04F79EFBC}") = "Assembly-CSharp", "Assembly-CSharp.csproj", "{80BAB56F-97ED-AB97-B461-633C328BFEDD}"
EndProject
Project("{FAE04EC0-301F-11D3-BF4B-00C04F79EFBC}") = "Assembly-CSharp-firstpass", "Assembly-CSharp-firstpass.csproj", "{5049FC50-EE47-059F-4EF7-8F5A59E9C416}"
EndProject
Project("{FAE04EC0-301F-11D3-BF4B-00C04F79EFBC}") = "Assembly-CSharp-Editor", "Assembly-CSharp-Editor.csproj", "{CD25DD2D-9B55-F284-A70E-C51C5527126F}"
EndProject
Global
	GlobalSection(SolutionConfigurationPlatforms) = preSolution
		Debug|Any CPU = Debug|Any CPU
		Release|Any CPU = Release|Any CPU
	EndGlobalSection
	GlobalSection(ProjectConfigurationPlatforms) = postSolution
		{80BAB56F-97ED-AB97-B461-633C328BFEDD}.Debug|Any CPU.ActiveCfg = Debug|Any CPU
		{80BAB56F-97ED-AB97-B461-633C328BFEDD}.Debug|Any CPU.Build.0 = Debug|Any CPU
		{80BAB56F-97ED-AB97-B461-633C328BFEDD}.Release|Any CPU.ActiveCfg = Release|Any CPU
		{80BAB56F-97ED-AB97-B461-633C328BFEDD}.Release|Any CPU.Build.0 = Release|Any CPU
		{5049FC50-EE47-059F-4EF7-8F5A59E9C416}.Debug|Any CPU.ActiveCfg = Debug|Any CPU
		{5049FC50-EE47-059F-4EF7-8F5A59E9C416}.Debug|Any CPU.Build.0 = Debug|Any CPU
		{5049FC50-EE47-059F-4EF7-8F5A59E9C416}.Release|Any CPU.ActiveCfg = Release|Any CPU
		{5049FC50-EE47-059F-4EF7-8F5A59E9C416}.Release|Any CPU.Build.0 = Release|Any CPU
		{CD25DD2D-9B55-F284-A70E-C51C5527126F}.Debug|Any CPU.ActiveCfg = Debug|Any CPU
		{CD25DD2D-9B55-F284-A70E-C51C5527126F}.Debug|Any CPU.Build.0 = Debug|Any CPU
		{CD25DD2D-9B55-F284-A70E-C51C5527126F}.Release|Any CPU.ActiveCfg = Release|Any CPU
		{CD25DD2D-9B55-F284-A70E-C51C5527126F}.Release|Any CPU.Build.0 = Release|Any CPU
	EndGlobalSection
	GlobalSection(SolutionProperties) = preSolution
		HideSolutionNode = FALSE
	EndGlobalSection
EndGlobal
